{
	"name": "microbyte-examples",
	"version": "0.1.0",
	"lockfileVersion": 3,
	"requires": true,
	"packages": {
		"": {
			"name": "microbyte-examples",
			"version": "0.1.0",
			"license": "MIT",
			"dependencies": {
				"microbyte": "file:../microbyte"
			},
			"devDependencies": {
				"typescript": "^5.0.2"
			}
		},
		"../microbyte": {
			"version": "0.1.2",
			"license": "MIT",
			"dependencies": {
				"@types/w3c-web-usb": "^1.0.6",
				"@types/web-bluetooth": "^0.0.16"
			},
			"devDependencies": {
				"@rollup/plugin-commonjs": "^24.0.1",
				"@rollup/plugin-node-resolve": "^15.0.1",
				"@rollup/plugin-typescript": "^11.0.0",
				"eslint": "^8.37.0",
				"prettier": "^2.8.7",
				"rollup": "^3.20.2",
				"ts-node": "^10.9.1",
				"tslib": "^2.5.0",
				"typedoc": "^0.23.28",
				"typescript": "^5.0.3"
			}
		},
		"node_modules/microbyte": {
			"resolved": "../microbyte",
			"link": true
		},
		"node_modules/typescript": {
			"version": "5.0.2",
			"resolved": "https://registry.npmjs.org/typescript/-/typescript-5.0.2.tgz",
			"integrity": "sha512-wVORMBGO/FAs/++blGNeAVdbNKtIh1rbBL2EyQ1+J9lClJ93KiiKe8PmFIVdXhHcyv44SL9oglmfeSsndo0jRw==",
			"dev": true,
			"bin": {
				"tsc": "bin/tsc",
				"tsserver": "bin/tsserver"
			},
			"engines": {
				"node": ">=12.20"
			}
		}
	}
}
